// !$*UTF8*$!
{
	archiveVersion = 1;
	classes = {
	};
	objectVersion = 56;
	objects = {

/* Begin PBXBuildFile section */
		03027D962A10EB0A0063EE24 /* ItemCell.swift in Sources */ = {isa = PBXBuildFile; fileRef = 03027D952A10EB0A0063EE24 /* ItemCell.swift */; };
		03027D982A10F1D70063EE24 /* DetailViewController.swift in Sources */ = {isa = PBXBuildFile; fileRef = 03027D972A10F1D70063EE24 /* DetailViewController.swift */; };
		03027D9C2A12416D0063EE24 /* ImageStore.swift in Sources */ = {isa = PBXBuildFile; fileRef = 03027D9B2A12416D0063EE24 /* ImageStore.swift */; };
		03DDE39F2A0EE2E90064485F /* AppDelegate.swift in Sources */ = {isa = PBXBuildFile; fileRef = 03DDE39E2A0EE2E90064485F /* AppDelegate.swift */; };
		03DDE3A12A0EE2E90064485F /* SceneDelegate.swift in Sources */ = {isa = PBXBuildFile; fileRef = 03DDE3A02A0EE2E90064485F /* SceneDelegate.swift */; };
		03DDE3A62A0EE2E90064485F /* Main.storyboard in Resources */ = {isa = PBXBuildFile; fileRef = 03DDE3A42A0EE2E90064485F /* Main.storyboard */; };
		03DDE3A82A0EE2E90064485F /* Assets.xcassets in Resources */ = {isa = PBXBuildFile; fileRef = 03DDE3A72A0EE2E90064485F /* Assets.xcassets */; };
		03DDE3AB2A0EE2E90064485F /* LaunchScreen.storyboard in Resources */ = {isa = PBXBuildFile; fileRef = 03DDE3A92A0EE2E90064485F /* LaunchScreen.storyboard */; };
		03DDE3B62A0EE2EA0064485F /* LootLoggerTests.swift in Sources */ = {isa = PBXBuildFile; fileRef = 03DDE3B52A0EE2EA0064485F /* LootLoggerTests.swift */; };
		03DDE3C02A0EE2EA0064485F /* LootLoggerUITests.swift in Sources */ = {isa = PBXBuildFile; fileRef = 03DDE3BF2A0EE2EA0064485F /* LootLoggerUITests.swift */; };
		03DDE3C22A0EE2EA0064485F /* LootLoggerUITestsLaunchTests.swift in Sources */ = {isa = PBXBuildFile; fileRef = 03DDE3C12A0EE2EA0064485F /* LootLoggerUITestsLaunchTests.swift */; };
		03DDE3CF2A0EE2FB0064485F /* ItemsViewController.swift in Sources */ = {isa = PBXBuildFile; fileRef = 03DDE3CE2A0EE2FB0064485F /* ItemsViewController.swift */; };
		03DDE3D12A0EE3710064485F /* Item.swift in Sources */ = {isa = PBXBuildFile; fileRef = 03DDE3D02A0EE3710064485F /* Item.swift */; };
		03DDE3D32A0EE47F0064485F /* ItemStore.swift in Sources */ = {isa = PBXBuildFile; fileRef = 03DDE3D22A0EE47F0064485F /* ItemStore.swift */; };
/* End PBXBuildFile section */

/* Begin PBXContainerItemProxy section */
		03DDE3B22A0EE2EA0064485F /* PBXContainerItemProxy */ = {
			isa = PBXContainerItemProxy;
			containerPortal = 03DDE3932A0EE2E90064485F /* Project object */;
			proxyType = 1;
			remoteGlobalIDString = 03DDE39A2A0EE2E90064485F;
			remoteInfo = LootLogger;
		};
		03DDE3BC2A0EE2EA0064485F /* PBXContainerItemProxy */ = {
			isa = PBXContainerItemProxy;
			containerPortal = 03DDE3932A0EE2E90064485F /* Project object */;
			proxyType = 1;
			remoteGlobalIDString = 03DDE39A2A0EE2E90064485F;
			remoteInfo = LootLogger;
		};
/* End PBXContainerItemProxy section */

/* Begin PBXFileReference section */
		03027D952A10EB0A0063EE24 /* ItemCell.swift */ = {isa = PBXFileReference; lastKnownFileType = sourcecode.swift; path = ItemCell.swift; sourceTree = "<group>"; };
		03027D972A10F1D70063EE24 /* DetailViewController.swift */ = {isa = PBXFileReference; lastKnownFileType = sourcecode.swift; path = DetailViewController.swift; sourceTree = "<group>"; };
		03027D9B2A12416D0063EE24 /* ImageStore.swift */ = {isa = PBXFileReference; lastKnownFileType = sourcecode.swift; path = ImageStore.swift; sourceTree = "<group>"; };
		03DDE39B2A0EE2E90064485F /* LootLogger.app */ = {isa = PBXFileReference; explicitFileType = wrapper.application; includeInIndex = 0; path = LootLogger.app; sourceTree = BUILT_PRODUCTS_DIR; };
		03DDE39E2A0EE2E90064485F /* AppDelegate.swift */ = {isa = PBXFileReference; lastKnownFileType = sourcecode.swift; path = AppDelegate.swift; sourceTree = "<group>"; };
		03DDE3A02A0EE2E90064485F /* SceneDelegate.swift */ = {isa = PBXFileReference; lastKnownFileType = sourcecode.swift; path = SceneDelegate.swift; sourceTree = "<group>"; };
		03DDE3A52A0EE2E90064485F /* Base */ = {isa = PBXFileReference; lastKnownFileType = file.storyboard; name = Base; path = Base.lproj/Main.storyboard; sourceTree = "<group>"; };
		03DDE3A72A0EE2E90064485F /* Assets.xcassets */ = {isa = PBXFileReference; lastKnownFileType = folder.assetcatalog; path = Assets.xcassets; sourceTree = "<group>"; };
		03DDE3AA2A0EE2E90064485F /* Base */ = {isa = PBXFileReference; lastKnownFileType = file.storyboard; name = Base; path = Base.lproj/LaunchScreen.storyboard; sourceTree = "<group>"; };
		03DDE3AC2A0EE2E90064485F /* Info.plist */ = {isa = PBXFileReference; lastKnownFileType = text.plist.xml; path = Info.plist; sourceTree = "<group>"; };
		03DDE3B12A0EE2EA0064485F /* LootLoggerTests.xctest */ = {isa = PBXFileReference; explicitFileType = wrapper.cfbundle; includeInIndex = 0; path = LootLoggerTests.xctest; sourceTree = BUILT_PRODUCTS_DIR; };
		03DDE3B52A0EE2EA0064485F /* LootLoggerTests.swift */ = {isa = PBXFileReference; lastKnownFileType = sourcecode.swift; path = LootLoggerTests.swift; sourceTree = "<group>"; };
		03DDE3BB2A0EE2EA0064485F /* LootLoggerUITests.xctest */ = {isa = PBXFileReference; explicitFileType = wrapper.cfbundle; includeInIndex = 0; path = LootLoggerUITests.xctest; sourceTree = BUILT_PRODUCTS_DIR; };
		03DDE3BF2A0EE2EA0064485F /* LootLoggerUITests.swift */ = {isa = PBXFileReference; lastKnownFileType = sourcecode.swift; path = LootLoggerUITests.swift; sourceTree = "<group>"; };
		03DDE3C12A0EE2EA0064485F /* LootLoggerUITestsLaunchTests.swift */ = {isa = PBXFileReference; lastKnownFileType = sourcecode.swift; path = LootLoggerUITestsLaunchTests.swift; sourceTree = "<group>"; };
		03DDE3CE2A0EE2FB0064485F /* ItemsViewController.swift */ = {isa = PBXFileReference; lastKnownFileType = sourcecode.swift; path = ItemsViewController.swift; sourceTree = "<group>"; };
		03DDE3D02A0EE3710064485F /* Item.swift */ = {isa = PBXFileReference; lastKnownFileType = sourcecode.swift; path = Item.swift; sourceTree = "<group>"; };
		03DDE3D22A0EE47F0064485F /* ItemStore.swift */ = {isa = PBXFileReference; lastKnownFileType = sourcecode.swift; path = ItemStore.swift; sourceTree = "<group>"; };
/* End PBXFileReference section */

/* Begin PBXFrameworksBuildPhase section */
		03DDE3982A0EE2E90064485F /* Frameworks */ = {
			isa = PBXFrameworksBuildPhase;
			buildActionMask = 2147483647;
			files = (
			);
			runOnlyForDeploymentPostprocessing = 0;
		};
		03DDE3AE2A0EE2EA0064485F /* Frameworks */ = {
			isa = PBXFrameworksBuildPhase;
			buildActionMask = 2147483647;
			files = (
			);
			runOnlyForDeploymentPostprocessing = 0;
		};
		03DDE3B82A0EE2EA0064485F /* Frameworks */ = {
			isa = PBXFrameworksBuildPhase;
			buildActionMask = 2147483647;
			files = (
			);
			runOnlyForDeploymentPostprocessing = 0;
		};
/* End PBXFrameworksBuildPhase section */

/* Begin PBXGroup section */
		03DDE3922A0EE2E90064485F = {
			isa = PBXGroup;
			children = (
				03DDE39D2A0EE2E90064485F /* LootLogger */,
				03DDE3B42A0EE2EA0064485F /* LootLoggerTests */,
				03DDE3BE2A0EE2EA0064485F /* LootLoggerUITests */,
				03DDE39C2A0EE2E90064485F /* Products */,
			);
			sourceTree = "<group>";
		};
		03DDE39C2A0EE2E90064485F /* Products */ = {
			isa = PBXGroup;
			children = (
				03DDE39B2A0EE2E90064485F /* LootLogger.app */,
				03DDE3B12A0EE2EA0064485F /* LootLoggerTests.xctest */,
				03DDE3BB2A0EE2EA0064485F /* LootLoggerUITests.xctest */,
			);
			name = Products;
			sourceTree = "<group>";
		};
		03DDE39D2A0EE2E90064485F /* LootLogger */ = {
			isa = PBXGroup;
			children = (
				03DDE3CE2A0EE2FB0064485F /* ItemsViewController.swift */,
				03027D972A10F1D70063EE24 /* DetailViewController.swift */,
				03027D9B2A12416D0063EE24 /* ImageStore.swift */,
				03027D952A10EB0A0063EE24 /* ItemCell.swift */,
				03DDE39E2A0EE2E90064485F /* AppDelegate.swift */,
				03DDE3A02A0EE2E90064485F /* SceneDelegate.swift */,
				03DDE3A42A0EE2E90064485F /* Main.storyboard */,
				03DDE3D02A0EE3710064485F /* Item.swift */,
				03DDE3D22A0EE47F0064485F /* ItemStore.swift */,
				03DDE3A72A0EE2E90064485F /* Assets.xcassets */,
				03DDE3A92A0EE2E90064485F /* LaunchScreen.storyboard */,
				03DDE3AC2A0EE2E90064485F /* Info.plist */,
			);
			path = LootLogger;
			sourceTree = "<group>";
		};
		03DDE3B42A0EE2EA0064485F /* LootLoggerTests */ = {
			isa = PBXGroup;
			children = (
				03DDE3B52A0EE2EA0064485F /* LootLoggerTests.swift */,
			);
			path = LootLoggerTests;
			sourceTree = "<group>";
		};
		03DDE3BE2A0EE2EA0064485F /* LootLoggerUITests */ = {
			isa = PBXGroup;
			children = (
				03DDE3BF2A0EE2EA0064485F /* LootLoggerUITests.swift */,
				03DDE3C12A0EE2EA0064485F /* LootLoggerUITestsLaunchTests.swift */,
			);
			path = LootLoggerUITests;
			sourceTree = "<group>";
		};
/* End PBXGroup section */

/* Begin PBXNativeTarget section */
		03DDE39A2A0EE2E90064485F /* LootLogger */ = {
			isa = PBXNativeTarget;
			buildConfigurationList = 03DDE3C52A0EE2EA0064485F /* Build configuration list for PBXNativeTarget "LootLogger" */;
			buildPhases = (
				03DDE3972A0EE2E90064485F /* Sources */,
				03DDE3982A0EE2E90064485F /* Frameworks */,
				03DDE3992A0EE2E90064485F /* Resources */,
			);
			buildRules = (
			);
			dependencies = (
			);
			name = LootLogger;
			productName = LootLogger;
			productReference = 03DDE39B2A0EE2E90064485F /* LootLogger.app */;
			productType = "com.apple.product-type.application";
		};
		03DDE3B02A0EE2EA0064485F /* LootLoggerTests */ = {
			isa = PBXNativeTarget;
			buildConfigurationList = 03DDE3C82A0EE2EA0064485F /* Build configuration list for PBXNativeTarget "LootLoggerTests" */;
			buildPhases = (
				03DDE3AD2A0EE2EA0064485F /* Sources */,
				03DDE3AE2A0EE2EA0064485F /* Frameworks */,
				03DDE3AF2A0EE2EA0064485F /* Resources */,
			);
			buildRules = (
			);
			dependencies = (
				03DDE3B32A0EE2EA0064485F /* PBXTargetDependency */,
			);
			name = LootLoggerTests;
			productName = LootLoggerTests;
			productReference = 03DDE3B12A0EE2EA0064485F /* LootLoggerTests.xctest */;
			productType = "com.apple.product-type.bundle.unit-test";
		};
		03DDE3BA2A0EE2EA0064485F /* LootLoggerUITests */ = {
			isa = PBXNativeTarget;
			buildConfigurationList = 03DDE3CB2A0EE2EA0064485F /* Build configuration list for PBXNativeTarget "LootLoggerUITests" */;
			buildPhases = (
				03DDE3B72A0EE2EA0064485F /* Sources */,
				03DDE3B82A0EE2EA0064485F /* Frameworks */,
				03DDE3B92A0EE2EA0064485F /* Resources */,
			);
			buildRules = (
			);
			dependencies = (
				03DDE3BD2A0EE2EA0064485F /* PBXTargetDependency */,
			);
			name = LootLoggerUITests;
			productName = LootLoggerUITests;
			productReference = 03DDE3BB2A0EE2EA0064485F /* LootLoggerUITests.xctest */;
			productType = "com.apple.product-type.bundle.ui-testing";
		};
/* End PBXNativeTarget section */

/* Begin PBXProject section */
		03DDE3932A0EE2E90064485F /* Project object */ = {
			isa = PBXProject;
			attributes = {
				BuildIndependentTargetsInParallel = 1;
				LastSwiftUpdateCheck = 1430;
				LastUpgradeCheck = 1430;
				TargetAttributes = {
					03DDE39A2A0EE2E90064485F = {
						CreatedOnToolsVersion = 14.3;
					};
					03DDE3B02A0EE2EA0064485F = {
						CreatedOnToolsVersion = 14.3;
						TestTargetID = 03DDE39A2A0EE2E90064485F;
					};
					03DDE3BA2A0EE2EA0064485F = {
						CreatedOnToolsVersion = 14.3;
						TestTargetID = 03DDE39A2A0EE2E90064485F;
					};
				};
			};
			buildConfigurationList = 03DDE3962A0EE2E90064485F /* Build configuration list for PBXProject "LootLogger" */;
			compatibilityVersion = "Xcode 14.0";
			developmentRegion = en;
			hasScannedForEncodings = 0;
			knownRegions = (
				en,
				Base,
			);
			mainGroup = 03DDE3922A0EE2E90064485F;
			productRefGroup = 03DDE39C2A0EE2E90064485F /* Products */;
			projectDirPath = "";
			projectRoot = "";
			targets = (
				03DDE39A2A0EE2E90064485F /* LootLogger */,
				03DDE3B02A0EE2EA0064485F /* LootLoggerTests */,
				03DDE3BA2A0EE2EA0064485F /* LootLoggerUITests */,
			);
		};
/* End PBXProject section */

/* Begin PBXResourcesBuildPhase section */
		03DDE3992A0EE2E90064485F /* Resources */ = {
			isa = PBXResourcesBuildPhase;
			buildActionMask = 2147483647;
			files = (
				03DDE3AB2A0EE2E90064485F /* LaunchScreen.storyboard in Resources */,
				03DDE3A82A0EE2E90064485F /* Assets.xcassets in Resources */,
				03DDE3A62A0EE2E90064485F /* Main.storyboard in Resources */,
			);
			runOnlyForDeploymentPostprocessing = 0;
		};
		03DDE3AF2A0EE2EA0064485F /* Resources */ = {
			isa = PBXResourcesBuildPhase;
			buildActionMask = 2147483647;
			files = (
			);
			runOnlyForDeploymentPostprocessing = 0;
		};
		03DDE3B92A0EE2EA0064485F /* Resources */ = {
			isa = PBXResourcesBuildPhase;
			buildActionMask = 2147483647;
			files = (
			);
			runOnlyForDeploymentPostprocessing = 0;
		};
/* End PBXResourcesBuildPhase section */

/* Begin PBXSourcesBuildPhase section */
		03DDE3972A0EE2E90064485F /* Sources */ = {
			isa = PBXSourcesBuildPhase;
			buildActionMask = 2147483647;
			files = (
				03DDE3D12A0EE3710064485F /* Item.swift in Sources */,
				03DDE3CF2A0EE2FB0064485F /* ItemsViewController.swift in Sources */,
				03027D962A10EB0A0063EE24 /* ItemCell.swift in Sources */,
				03027D9C2A12416D0063EE24 /* ImageStore.swift in Sources */,
				03DDE39F2A0EE2E90064485F /* AppDelegate.swift in Sources */,
				03DDE3D32A0EE47F0064485F /* ItemStore.swift in Sources */,
				03DDE3A12A0EE2E90064485F /* SceneDelegate.swift in Sources */,
				03027D982A10F1D70063EE24 /* DetailViewController.swift in Sources */,
			);
			runOnlyForDeploymentPostprocessing = 0;
		};
		03DDE3AD2A0EE2EA0064485F /* Sources */ = {
			isa = PBXSourcesBuildPhase;
			buildActionMask = 2147483647;
			files = (
				03DDE3B62A0EE2EA0064485F /* LootLoggerTests.swift in Sources */,
			);
			runOnlyForDeploymentPostprocessing = 0;
		};
		03DDE3B72A0EE2EA0064485F /* Sources */ = {
			isa = PBXSourcesBuildPhase;
			buildActionMask = 2147483647;
			files = (
				03DDE3C22A0EE2EA0064485F /* LootLoggerUITestsLaunchTests.swift in Sources */,
				03DDE3C02A0EE2EA0064485F /* LootLoggerUITests.swift in Sources */,
			);
			runOnlyForDeploymentPostprocessing = 0;
		};
/* End PBXSourcesBuildPhase section */

/* Begin PBXTargetDependency section */
		03DDE3B32A0EE2EA0064485F /* PBXTargetDependency */ = {
			isa = PBXTargetDependency;
			target = 03DDE39A2A0EE2E90064485F /* LootLogger */;
			targetProxy = 03DDE3B22A0EE2EA0064485F /* PBXContainerItemProxy */;
		};
		03DDE3BD2A0EE2EA0064485F /* PBXTargetDependency */ = {
			isa = PBXTargetDependency;
			target = 03DDE39A2A0EE2E90064485F /* LootLogger */;
			targetProxy = 03DDE3BC2A0EE2EA0064485F /* PBXContainerItemProxy */;
		};
/* End PBXTargetDependency section */

/* Begin PBXVariantGroup section */
		03DDE3A42A0EE2E90064485F /* Main.storyboard */ = {
			isa = PBXVariantGroup;
			children = (
				03DDE3A52A0EE2E90064485F /* Base */,
			);
			name = Main.storyboard;
			sourceTree = "<group>";
		};
		03DDE3A92A0EE2E90064485F /* LaunchScreen.storyboard */ = {
			isa = PBXVariantGroup;
			children = (
				03DDE3AA2A0EE2E90064485F /* Base */,
			);
			name = LaunchScreen.storyboard;
			sourceTree = "<group>";
		};
/* End PBXVariantGroup section */

/* Begin XCBuildConfiguration section */
		03DDE3C32A0EE2EA0064485F /* Debug */ = {
			isa = XCBuildConfiguration;
			buildSettings = {
				ALWAYS_SEARCH_USER_PATHS = NO;
				CLANG_ANALYZER_NONNULL = YES;
				CLANG_ANALYZER_NUMBER_OBJECT_CONVERSION = YES_AGGRESSIVE;
				CLANG_CXX_LANGUAGE_STANDARD = "gnu++20";
				CLANG_ENABLE_MODULES = YES;
				CLANG_ENABLE_OBJC_ARC = YES;
				CLANG_ENABLE_OBJC_WEAK = YES;
				CLANG_WARN_BLOCK_CAPTURE_AUTORELEASING = YES;
				CLANG_WARN_BOOL_CONVERSION = YES;
				CLANG_WARN_COMMA = YES;
				CLANG_WARN_CONSTANT_CONVERSION = YES;
				CLANG_WARN_DEPRECATED_OBJC_IMPLEMENTATIONS = YES;
				CLANG_WARN_DIRECT_OBJC_ISA_USAGE = YES_ERROR;
				CLANG_WARN_DOCUMENTATION_COMMENTS = YES;
				CLANG_WARN_EMPTY_BODY = YES;
				CLANG_WARN_ENUM_CONVERSION = YES;
				CLANG_WARN_INFINITE_RECURSION = YES;
				CLANG_WARN_INT_CONVERSION = YES;
				CLANG_WARN_NON_LITERAL_NULL_CONVERSION = YES;
				CLANG_WARN_OBJC_IMPLICIT_RETAIN_SELF = YES;
				CLANG_WARN_OBJC_LITERAL_CONVERSION = YES;
				CLANG_WARN_OBJC_ROOT_CLASS = YES_ERROR;
				CLANG_WARN_QUOTED_INCLUDE_IN_FRAMEWORK_HEADER = YES;
				CLANG_WARN_RANGE_LOOP_ANALYSIS = YES;
				CLANG_WARN_STRICT_PROTOTYPES = YES;
				CLANG_WARN_SUSPICIOUS_MOVE = YES;
				CLANG_WARN_UNGUARDED_AVAILABILITY = YES_AGGRESSIVE;
				CLANG_WARN_UNREACHABLE_CODE = YES;
				CLANG_WARN__DUPLICATE_METHOD_MATCH = YES;
				COPY_PHASE_STRIP = NO;
				DEBUG_INFORMATION_FORMAT = dwarf;
				ENABLE_STRICT_OBJC_MSGSEND = YES;
				ENABLE_TESTABILITY = YES;
				GCC_C_LANGUAGE_STANDARD = gnu11;
				GCC_DYNAMIC_NO_PIC = NO;
				GCC_NO_COMMON_BLOCKS = YES;
				GCC_OPTIMIZATION_LEVEL = 0;
				GCC_PREPROCESSOR_DEFINITIONS = (
					"DEBUG=1",
					"$(inherited)",
				);
				GCC_WARN_64_TO_32_BIT_CONVERSION = YES;
				GCC_WARN_ABOUT_RETURN_TYPE = YES_ERROR;
				GCC_WARN_UNDECLARED_SELECTOR = YES;
				GCC_WARN_UNINITIALIZED_AUTOS = YES_AGGRESSIVE;
				GCC_WARN_UNUSED_FUNCTION = YES;
				GCC_WARN_UNUSED_VARIABLE = YES;
				IPHONEOS_DEPLOYMENT_TARGET = 16.4;
				MTL_ENABLE_DEBUG_INFO = INCLUDE_SOURCE;
				MTL_FAST_MATH = YES;
				ONLY_ACTIVE_ARCH = YES;
				SDKROOT = iphoneos;
				SWIFT_ACTIVE_COMPILATION_CONDITIONS = DEBUG;
				SWIFT_OPTIMIZATION_LEVEL = "-Onone";
			};
			name = Debug;
		};
		03DDE3C42A0EE2EA0064485F /* Release */ = {
			isa = XCBuildConfiguration;
			buildSettings = {
				ALWAYS_SEARCH_USER_PATHS = NO;
				CLANG_ANALYZER_NONNULL = YES;
				CLANG_ANALYZER_NUMBER_OBJECT_CONVERSION = YES_AGGRESSIVE;
				CLANG_CXX_LANGUAGE_STANDARD = "gnu++20";
				CLANG_ENABLE_MODULES = YES;
				CLANG_ENABLE_OBJC_ARC = YES;
				CLANG_ENABLE_OBJC_WEAK = YES;
				CLANG_WARN_BLOCK_CAPTURE_AUTORELEASING = YES;
				CLANG_WARN_BOOL_CONVERSION = YES;
				CLANG_WARN_COMMA = YES;
				CLANG_WARN_CONSTANT_CONVERSION = YES;
				CLANG_WARN_DEPRECATED_OBJC_IMPLEMENTATIONS = YES;
				CLANG_WARN_DIRECT_OBJC_ISA_USAGE = YES_ERROR;
				CLANG_WARN_DOCUMENTATION_COMMENTS = YES;
				CLANG_WARN_EMPTY_BODY = YES;
				CLANG_WARN_ENUM_CONVERSION = YES;
				CLANG_WARN_INFINITE_RECURSION = YES;
				CLANG_WARN_INT_CONVERSION = YES;
				CLANG_WARN_NON_LITERAL_NULL_CONVERSION = YES;
				CLANG_WARN_OBJC_IMPLICIT_RETAIN_SELF = YES;
				CLANG_WARN_OBJC_LITERAL_CONVERSION = YES;
				CLANG_WARN_OBJC_ROOT_CLASS = YES_ERROR;
				CLANG_WARN_QUOTED_INCLUDE_IN_FRAMEWORK_HEADER = YES;
				CLANG_WARN_RANGE_LOOP_ANALYSIS = YES;
				CLANG_WARN_STRICT_PROTOTYPES = YES;
				CLANG_WARN_SUSPICIOUS_MOVE = YES;
				CLANG_WARN_UNGUARDED_AVAILABILITY = YES_AGGRESSIVE;
				CLANG_WARN_UNREACHABLE_CODE = YES;
				CLANG_WARN__DUPLICATE_METHOD_MATCH = YES;
				COPY_PHASE_STRIP = NO;
				DEBUG_INFORMATION_FORMAT = "dwarf-with-dsym";
				ENABLE_NS_ASSERTIONS = NO;
				ENABLE_STRICT_OBJC_MSGSEND = YES;
				GCC_C_LANGUAGE_STANDARD = gnu11;
				GCC_NO_COMMON_BLOCKS = YES;
				GCC_WARN_64_TO_32_BIT_CONVERSION = YES;
				GCC_WARN_ABOUT_RETURN_TYPE = YES_ERROR;
				GCC_WARN_UNDECLARED_SELECTOR = YES;
				GCC_WARN_UNINITIALIZED_AUTOS = YES_AGGRESSIVE;
				GCC_WARN_UNUSED_FUNCTION = YES;
				GCC_WARN_UNUSED_VARIABLE = YES;
				IPHONEOS_DEPLOYMENT_TARGET = 16.4;
				MTL_ENABLE_DEBUG_INFO = NO;
				MTL_FAST_MATH = YES;
				SDKROOT = iphoneos;
				SWIFT_COMPILATION_MODE = wholemodule;
				SWIFT_OPTIMIZATION_LEVEL = "-O";
				VALIDATE_PRODUCT = YES;
			};
			name = Release;
		};
		03DDE3C62A0EE2EA0064485F /* Debug */ = {
			isa = XCBuildConfiguration;
			buildSettings = {
				ASSETCATALOG_COMPILER_APPICON_NAME = AppIcon;
				ASSETCATALOG_COMPILER_GLOBAL_ACCENT_COLOR_NAME = AccentColor;
				CODE_SIGN_STYLE = Automatic;
				CURRENT_PROJECT_VERSION = 1;
				DEVELOPMENT_TEAM = 6283CFQE2Y;
				GENERATE_INFOPLIST_FILE = YES;
				INFOPLIST_FILE = LootLogger/Info.plist;
				INFOPLIST_KEY_NSCameraUsageDescription = "This app uses the camera to associate photos with items.";
				INFOPLIST_KEY_UIApplicationSupportsIndirectInputEvents = YES;
				INFOPLIST_KEY_UILaunchStoryboardName = LaunchScreen;
				INFOPLIST_KEY_UIMainStoryboardFile = Main;
				INFOPLIST_KEY_UISupportedInterfaceOrientations_iPad = "UIInterfaceOrientationPortrait UIInterfaceOrientationPortraitUpsideDown UIInterfaceOrientationLandscapeLeft UIInterfaceOrientationLandscapeRight";
				INFOPLIST_KEY_UISupportedInterfaceOrientations_iPhone = "UIInterfaceOrientationPortrait UIInterfaceOrientationLandscapeLeft UIInterfaceOrientationLandscapeRight";
				LD_RUNPATH_SEARCH_PATHS = (
					"$(inherited)",
					"@executable_path/Frameworks",
				);
				MARKETING_VERSION = 1.0;
				PRODUCT_BUNDLE_IDENTIFIER = "com.codingitwrong.bnr-guide.LootLogger";
				PRODUCT_NAME = "$(TARGET_NAME)";
				SWIFT_EMIT_LOC_STRINGS = YES;
				SWIFT_VERSION = 5.0;
				TARGETED_DEVICE_FAMILY = "1,2";
			};
			name = Debug;
		};
		03DDE3C72A0EE2EA0064485F /* Release */ = {
			isa = XCBuildConfiguration;
			buildSettings = {
				ASSETCATALOG_COMPILER_APPICON_NAME = AppIcon;
				ASSETCATALOG_COMPILER_GLOBAL_ACCENT_COLOR_NAME = AccentColor;
				CODE_SIGN_STYLE = Automatic;
				CURRENT_PROJECT_VERSION = 1;
				DEVELOPMENT_TEAM = 6283CFQE2Y;
				GENERATE_INFOPLIST_FILE = YES;
				INFOPLIST_FILE = LootLogger/Info.plist;
				INFOPLIST_KEY_NSCameraUsageDescription = "This app uses the camera to associate photos with items.";
				INFOPLIST_KEY_UIApplicationSupportsIndirectInputEvents = YES;
				INFOPLIST_KEY_UILaunchStoryboardName = LaunchScreen;
				INFOPLIST_KEY_UIMainStoryboardFile = Main;
				INFOPLIST_KEY_UISupportedInterfaceOrientations_iPad = "UIInterfaceOrientationPortrait UIInterfaceOrientationPortraitUpsideDown UIInterfaceOrientationLandscapeLeft UIInterfaceOrientationLandscapeRight";
				INFOPLIST_KEY_UISupportedInterfaceOrientations_iPhone = "UIInterfaceOrientationPortrait UIInterfaceOrientationLandscapeLeft UIInterfaceOrientationLandscapeRight";
				LD_RUNPATH_SEARCH_PATHS = (
					"$(inherited)",
					"@executable_path/Frameworks",
				);
				MARKETING_VERSION = 1.0;
				PRODUCT_BUNDLE_IDENTIFIER = "com.codingitwrong.bnr-guide.LootLogger";
				PRODUCT_NAME = "$(TARGET_NAME)";
				SWIFT_EMIT_LOC_STRINGS = YES;
				SWIFT_VERSION = 5.0;
				TARGETED_DEVICE_FAMILY = "1,2";
			};
			name = Release;
		};
		03DDE3C92A0EE2EA0064485F /* Debug */ = {
			isa = XCBuildConfiguration;
			buildSettings = {
				ALWAYS_EMBED_SWIFT_STANDARD_LIBRARIES = YES;
				BUNDLE_LOADER = "$(TEST_HOST)";
				CODE_SIGN_STYLE = Automatic;
				CURRENT_PROJECT_VERSION = 1;
				DEVELOPMENT_TEAM = 6283CFQE2Y;
				GENERATE_INFOPLIST_FILE = YES;
				IPHONEOS_DEPLOYMENT_TARGET = 16.4;
				MARKETING_VERSION = 1.0;
				PRODUCT_BUNDLE_IDENTIFIER = "com.codingitwrong.bnr-guide.LootLoggerTests";
				PRODUCT_NAME = "$(TARGET_NAME)";
				SWIFT_EMIT_LOC_STRINGS = NO;
				SWIFT_VERSION = 5.0;
				TARGETED_DEVICE_FAMILY = "1,2";
				TEST_HOST = "$(BUILT_PRODUCTS_DIR)/LootLogger.app/$(BUNDLE_EXECUTABLE_FOLDER_PATH)/LootLogger";
			};
			name = Debug;
		};
		03DDE3CA2A0EE2EA0064485F /* Release */ = {
			isa = XCBuildConfiguration;
			buildSettings = {
				ALWAYS_EMBED_SWIFT_STANDARD_LIBRARIES = YES;
				BUNDLE_LOADER = "$(TEST_HOST)";
				CODE_SIGN_STYLE = Automatic;
				CURRENT_PROJECT_VERSION = 1;
				DEVELOPMENT_TEAM = 6283CFQE2Y;
				GENERATE_INFOPLIST_FILE = YES;
				IPHONEOS_DEPLOYMENT_TARGET = 16.4;
				MARKETING_VERSION = 1.0;
				PRODUCT_BUNDLE_IDENTIFIER = "com.codingitwrong.bnr-guide.LootLoggerTests";
				PRODUCT_NAME = "$(TARGET_NAME)";
				SWIFT_EMIT_LOC_STRINGS = NO;
				SWIFT_VERSION = 5.0;
				TARGETED_DEVICE_FAMILY = "1,2";
				TEST_HOST = "$(BUILT_PRODUCTS_DIR)/LootLogger.app/$(BUNDLE_EXECUTABLE_FOLDER_PATH)/LootLogger";
			};
			name = Release;
		};
		03DDE3CC2A0EE2EA0064485F /* Debug */ = {
			isa = XCBuildConfiguration;
			buildSettings = {
				ALWAYS_EMBED_SWIFT_STANDARD_LIBRARIES = YES;
				CODE_SIGN_STYLE = Automatic;
				CURRENT_PROJECT_VERSION = 1;
				DEVELOPMENT_TEAM = 6283CFQE2Y;
				GENERATE_INFOPLIST_FILE = YES;
				MARKETING_VERSION = 1.0;
				PRODUCT_BUNDLE_IDENTIFIER = "com.codingitwrong.bnr-guide.LootLoggerUITests";
				PRODUCT_NAME = "$(TARGET_NAME)";
				SWIFT_EMIT_LOC_STRINGS = NO;
				SWIFT_VERSION = 5.0;
				TARGETED_DEVICE_FAMILY = "1,2";
				TEST_TARGET_NAME = LootLogger;
			};
			name = Debug;
		};
		03DDE3CD2A0EE2EA0064485F /* Release */ = {
			isa = XCBuildConfiguration;
			buildSettings = {
				ALWAYS_EMBED_SWIFT_STANDARD_LIBRARIES = YES;
				CODE_SIGN_STYLE = Automatic;
				CURRENT_PROJECT_VERSION = 1;
				DEVELOPMENT_TEAM = 6283CFQE2Y;
				GENERATE_INFOPLIST_FILE = YES;
				MARKETING_VERSION = 1.0;
				PRODUCT_BUNDLE_IDENTIFIER = "com.codingitwrong.bnr-guide.LootLoggerUITests";
				PRODUCT_NAME = "$(TARGET_NAME)";
				SWIFT_EMIT_LOC_STRINGS = NO;
				SWIFT_VERSION = 5.0;
				TARGETED_DEVICE_FAMILY = "1,2";
				TEST_TARGET_NAME = LootLogger;
			};
			name = Release;
		};
/* End XCBuildConfiguration section */

/* Begin XCConfigurationList section */
		03DDE3962A0EE2E90064485F /* Build configuration list for PBXProject "LootLogger" */ = {
			isa = XCConfigurationList;
			buildConfigurations = (
				03DDE3C32A0EE2EA0064485F /* Debug */,
				03DDE3C42A0EE2EA0064485F /* Release */,
			);
			defaultConfigurationIsVisible = 0;
			defaultConfigurationName = Release;
		};
		03DDE3C52A0EE2EA0064485F /* Build configuration list for PBXNativeTarget "LootLogger" */ = {
			isa = XCConfigurationList;
			buildConfigurations = (
				03DDE3C62A0EE2EA0064485F /* Debug */,
				03DDE3C72A0EE2EA0064485F /* Release */,
			);
			defaultConfigurationIsVisible = 0;
			defaultConfigurationName = Release;
		};
		03DDE3C82A0EE2EA0064485F /* Build configuration list for PBXNativeTarget "LootLoggerTests" */ = {
			isa = XCConfigurationList;
			buildConfigurations = (
				03DDE3C92A0EE2EA0064485F /* Debug */,
				03DDE3CA2A0EE2EA0064485F /* Release */,
			);
			defaultConfigurationIsVisible = 0;
			defaultConfigurationName = Release;
		};
		03DDE3CB2A0EE2EA0064485F /* Build configuration list for PBXNativeTarget "LootLoggerUITests" */ = {
			isa = XCConfigurationList;
			buildConfigurations = (
				03DDE3CC2A0EE2EA0064485F /* Debug */,
				03DDE3CD2A0EE2EA0064485F /* Release */,
			);
			defaultConfigurationIsVisible = 0;
			defaultConfigurationName = Release;
		};
/* End XCConfigurationList section */
	};
	rootObject = 03DDE3932A0EE2E90064485F /* Project object */;
}
